{
  "version": 4,
  "terraform_version": "1.7.5",
  "serial": 8,
  "lineage": "bed548c0-3910-dbfe-5e75-daf8ad28ce43",
  "outputs": {},
  "resources": [
    {
      "mode": "managed",
      "type": "aws_ebs_volume",
      "name": "wazuh_vol1",
      "provider": "provider[\"registry.terraform.io/hashicorp/aws\"]",
      "instances": [
        {
          "status": "tainted",
          "schema_version": 0,
          "attributes": {
            "arn": null,
            "availability_zone": "us-east-1c",
            "encrypted": null,
            "final_snapshot": false,
            "id": "vol-0d0d98774211d8da3",
            "iops": null,
            "kms_key_id": null,
            "multi_attach_enabled": null,
            "outpost_arn": null,
            "size": 30,
            "snapshot_id": null,
            "tags": {
              "Name": "wazuh_vol1"
            },
            "tags_all": {
              "Name": "wazuh_vol1"
            },
            "throughput": null,
            "timeouts": null,
            "type": "gp2"
          },
          "sensitive_attributes": [],
          "private": "eyJlMmJmYjczMC1lY2FhLTExZTYtOGY4OC0zNDM2M2JjN2M0YzAiOnsiY3JlYXRlIjozMDAwMDAwMDAwMDAsImRlbGV0ZSI6MzAwMDAwMDAwMDAwLCJ1cGRhdGUiOjMwMDAwMDAwMDAwMH19"
        }
      ]
    },
    {
      "mode": "managed",
      "type": "aws_instance",
      "name": "wazuh_client",
      "provider": "provider[\"registry.terraform.io/hashicorp/aws\"]",
      "instances": [
        {
          "status": "tainted",
          "schema_version": 1,
          "attributes": {
            "ami": "ami-080e1f13689e07408",
            "arn": null,
            "associate_public_ip_address": null,
            "availability_zone": "us-east-1c",
            "capacity_reservation_specification": null,
            "cpu_core_count": null,
            "cpu_options": null,
            "cpu_threads_per_core": null,
            "credit_specification": [],
            "disable_api_stop": null,
            "disable_api_termination": null,
            "ebs_block_device": [],
            "ebs_optimized": null,
            "enclave_options": null,
            "ephemeral_block_device": [],
            "get_password_data": false,
            "hibernation": null,
            "host_id": null,
            "host_resource_group_arn": null,
            "iam_instance_profile": null,
            "id": "i-0de6fdfab1dfa46e8",
            "instance_initiated_shutdown_behavior": null,
            "instance_lifecycle": null,
            "instance_market_options": null,
            "instance_state": null,
            "instance_type": "t2.micro",
            "ipv6_address_count": null,
            "ipv6_addresses": null,
            "key_name": null,
            "launch_template": [],
            "maintenance_options": null,
            "metadata_options": null,
            "monitoring": null,
            "network_interface": [],
            "outpost_arn": null,
            "password_data": null,
            "placement_group": null,
            "placement_partition_number": null,
            "primary_network_interface_id": null,
            "private_dns": null,
            "private_dns_name_options": null,
            "private_ip": null,
            "public_dns": null,
            "public_ip": null,
            "root_block_device": null,
            "secondary_private_ips": [],
            "security_groups": [],
            "source_dest_check": true,
            "spot_instance_request_id": null,
            "subnet_id": null,
            "tags": {
              "Name": "wazuh_client"
            },
            "tags_all": {
              "Name": "wazuh_client"
            },
            "tenancy": null,
            "timeouts": null,
            "user_data": null,
            "user_data_base64": null,
            "user_data_replace_on_change": false,
            "volume_tags": null,
            "vpc_security_group_ids": []
          },
          "sensitive_attributes": [],
          "private": "eyJlMmJmYjczMC1lY2FhLTExZTYtOGY4OC0zNDM2M2JjN2M0YzAiOnsiY3JlYXRlIjo2MDAwMDAwMDAwMDAsImRlbGV0ZSI6MTIwMDAwMDAwMDAwMCwicmVhZCI6OTAwMDAwMDAwMDAwLCJ1cGRhdGUiOjYwMDAwMDAwMDAwMH0sInNjaGVtYV92ZXJzaW9uIjoiMSJ9"
        }
      ]
    },
    {
      "mode": "managed",
      "type": "aws_internet_gateway",
      "name": "gw",
      "provider": "provider[\"registry.terraform.io/hashicorp/aws\"]",
      "instances": [
        {
          "schema_version": 0,
          "attributes": {
            "arn": "arn:aws:ec2:us-east-1:339712846171:internet-gateway/igw-0e10847410ec921a8",
            "id": "igw-0e10847410ec921a8",
            "owner_id": "339712846171",
            "tags": {
              "Name": "wazuh_gateway"
            },
            "tags_all": {
              "Name": "wazuh_gateway"
            },
            "timeouts": null,
            "vpc_id": "vpc-014474612f00e3e01"
          },
          "sensitive_attributes": [],
          "private": "eyJlMmJmYjczMC1lY2FhLTExZTYtOGY4OC0zNDM2M2JjN2M0YzAiOnsiY3JlYXRlIjoxMjAwMDAwMDAwMDAwLCJkZWxldGUiOjEyMDAwMDAwMDAwMDAsInVwZGF0ZSI6MTIwMDAwMDAwMDAwMH19",
          "dependencies": [
            "aws_vpc.wazuh_vpc"
          ]
        }
      ]
    },
    {
      "mode": "managed",
      "type": "aws_security_group",
      "name": "allow-home-traffic",
      "provider": "provider[\"registry.terraform.io/hashicorp/aws\"]",
      "instances": [
        {
          "status": "tainted",
          "schema_version": 1,
          "attributes": {
            "arn": null,
            "description": "my wazuh security group",
            "egress": [
              {
                "cidr_blocks": [
                  "0.0.0.0/0"
                ],
                "description": "",
                "from_port": 0,
                "ipv6_cidr_blocks": [],
                "prefix_list_ids": [],
                "protocol": "-1",
                "security_groups": [],
                "self": false,
                "to_port": 0
              }
            ],
            "id": "sg-0e9cbbd6367571bdf",
            "ingress": [
              {
                "cidr_blocks": [
                  "0.0.0.0/0"
                ],
                "description": "HTTP",
                "from_port": 80,
                "ipv6_cidr_blocks": [],
                "prefix_list_ids": [],
                "protocol": "tcp",
                "security_groups": [],
                "self": false,
                "to_port": 80
              },
              {
                "cidr_blocks": [
                  "0.0.0.0/0"
                ],
                "description": "HTTPS",
                "from_port": 443,
                "ipv6_cidr_blocks": [],
                "prefix_list_ids": [],
                "protocol": "tcp",
                "security_groups": [],
                "self": false,
                "to_port": 443
              },
              {
                "cidr_blocks": [
                  "0.0.0.0/0"
                ],
                "description": "SSH",
                "from_port": 22,
                "ipv6_cidr_blocks": [],
                "prefix_list_ids": [],
                "protocol": "tcp",
                "security_groups": [],
                "self": false,
                "to_port": 22
              }
            ],
            "name": "allow-home-traffic",
            "name_prefix": null,
            "owner_id": null,
            "revoke_rules_on_delete": false,
            "tags": {
              "Name": "allow HTTP(S) and SSH"
            },
            "tags_all": {
              "Name": "allow HTTP(S) and SSH"
            },
            "timeouts": null,
            "vpc_id": "vpc-014474612f00e3e01"
          },
          "sensitive_attributes": [],
          "private": "eyJlMmJmYjczMC1lY2FhLTExZTYtOGY4OC0zNDM2M2JjN2M0YzAiOnsiY3JlYXRlIjo2MDAwMDAwMDAwMDAsImRlbGV0ZSI6OTAwMDAwMDAwMDAwfSwic2NoZW1hX3ZlcnNpb24iOiIxIn0=",
          "dependencies": [
            "aws_vpc.wazuh_vpc"
          ]
        }
      ]
    },
    {
      "mode": "managed",
      "type": "aws_subnet",
      "name": "wazuh_subnet",
      "provider": "provider[\"registry.terraform.io/hashicorp/aws\"]",
      "instances": [
        {
          "status": "tainted",
          "schema_version": 1,
          "attributes": {
            "arn": null,
            "assign_ipv6_address_on_creation": false,
            "availability_zone": "us-east-1c",
            "availability_zone_id": null,
            "cidr_block": "10.0.0.0/24",
            "customer_owned_ipv4_pool": null,
            "enable_dns64": false,
            "enable_lni_at_device_index": null,
            "enable_resource_name_dns_a_record_on_launch": false,
            "enable_resource_name_dns_aaaa_record_on_launch": false,
            "id": "subnet-0df748ab242bd4fc2",
            "ipv6_cidr_block": null,
            "ipv6_cidr_block_association_id": null,
            "ipv6_native": false,
            "map_customer_owned_ip_on_launch": null,
            "map_public_ip_on_launch": false,
            "outpost_arn": null,
            "owner_id": null,
            "private_dns_hostname_type_on_launch": null,
            "tags": {
              "Name": "wazuh_subnet"
            },
            "tags_all": {
              "Name": "wazuh_subnet"
            },
            "timeouts": null,
            "vpc_id": "vpc-014474612f00e3e01"
          },
          "sensitive_attributes": [],
          "private": "eyJlMmJmYjczMC1lY2FhLTExZTYtOGY4OC0zNDM2M2JjN2M0YzAiOnsiY3JlYXRlIjo2MDAwMDAwMDAwMDAsImRlbGV0ZSI6MTIwMDAwMDAwMDAwMH0sInNjaGVtYV92ZXJzaW9uIjoiMSJ9",
          "dependencies": [
            "aws_vpc.wazuh_vpc"
          ]
        }
      ]
    },
    {
      "mode": "managed",
      "type": "aws_vpc",
      "name": "wazuh_vpc",
      "provider": "provider[\"registry.terraform.io/hashicorp/aws\"]",
      "instances": [
        {
          "schema_version": 1,
          "attributes": {
            "arn": "arn:aws:ec2:us-east-1:339712846171:vpc/vpc-014474612f00e3e01",
            "assign_generated_ipv6_cidr_block": false,
            "cidr_block": "10.0.0.0/16",
            "default_network_acl_id": "acl-0c137a14f0b3cd9ef",
            "default_route_table_id": "rtb-06515cc0895bcf279",
            "default_security_group_id": "sg-0520ed95bb7c98164",
            "dhcp_options_id": "dopt-09f8d45531dd35f89",
            "enable_dns_hostnames": false,
            "enable_dns_support": true,
            "enable_network_address_usage_metrics": false,
            "id": "vpc-014474612f00e3e01",
            "instance_tenancy": "default",
            "ipv4_ipam_pool_id": null,
            "ipv4_netmask_length": null,
            "ipv6_association_id": "",
            "ipv6_cidr_block": "",
            "ipv6_cidr_block_network_border_group": "",
            "ipv6_ipam_pool_id": "",
            "ipv6_netmask_length": 0,
            "main_route_table_id": "rtb-06515cc0895bcf279",
            "owner_id": "339712846171",
            "tags": {
              "Name": "wazuh_vpc"
            },
            "tags_all": {
              "Name": "wazuh_vpc"
            }
          },
          "sensitive_attributes": [],
          "private": "eyJzY2hlbWFfdmVyc2lvbiI6IjEifQ=="
        }
      ]
    }
  ],
  "check_results": null
}
